
Microsoft Visual Studio Solution File, Format Version 12.00
# Visual Studio Version 17
VisualStudioVersion = 17.6.33712.159
MinimumVisualStudioVersion = 10.0.40219.1
Project("{FAE04EC0-301F-11D3-BF4B-00C04F79EFBC}") = "2-Dominio", "..\2-Dominio\2-Dominio.csproj", "{FC7BB6FC-9A7E-402F-BFB3-FE34C2C3DA73}"
EndProject
Project("{FAE04EC0-301F-11D3-BF4B-00C04F79EFBC}") = "0-Presentación", "..\0-Presentación\0-Presentación.csproj", "{15FEC72F-4888-44B8-869D-9314858B3B8D}"
EndProject
Project("{FAE04EC0-301F-11D3-BF4B-00C04F79EFBC}") = "1-Aplicacion", "..\1-Aplicacion\1-Aplicacion.csproj", "{69012040-8709-47CC-B29E-8C783923011F}"
EndProject
Project("{FAE04EC0-301F-11D3-BF4B-00C04F79EFBC}") = "3-Infraestructura", "..\3-Infraestructura\3-Infraestructura.csproj", "{A82CB642-4435-4FFC-9EB8-ACE4B1A104D2}"
EndProject
Global
	GlobalSection(SolutionConfigurationPlatforms) = preSolution
		Debug|Any CPU = Debug|Any CPU
		Release|Any CPU = Release|Any CPU
	EndGlobalSection
	GlobalSection(ProjectConfigurationPlatforms) = postSolution
		{FC7BB6FC-9A7E-402F-BFB3-FE34C2C3DA73}.Debug|Any CPU.ActiveCfg = Debug|Any CPU
		{FC7BB6FC-9A7E-402F-BFB3-FE34C2C3DA73}.Debug|Any CPU.Build.0 = Debug|Any CPU
		{FC7BB6FC-9A7E-402F-BFB3-FE34C2C3DA73}.Release|Any CPU.ActiveCfg = Release|Any CPU
		{FC7BB6FC-9A7E-402F-BFB3-FE34C2C3DA73}.Release|Any CPU.Build.0 = Release|Any CPU
		{15FEC72F-4888-44B8-869D-9314858B3B8D}.Debug|Any CPU.ActiveCfg = Debug|Any CPU
		{15FEC72F-4888-44B8-869D-9314858B3B8D}.Debug|Any CPU.Build.0 = Debug|Any CPU
		{15FEC72F-4888-44B8-869D-9314858B3B8D}.Release|Any CPU.ActiveCfg = Release|Any CPU
		{15FEC72F-4888-44B8-869D-9314858B3B8D}.Release|Any CPU.Build.0 = Release|Any CPU
		{69012040-8709-47CC-B29E-8C783923011F}.Debug|Any CPU.ActiveCfg = Debug|Any CPU
		{69012040-8709-47CC-B29E-8C783923011F}.Debug|Any CPU.Build.0 = Debug|Any CPU
		{69012040-8709-47CC-B29E-8C783923011F}.Release|Any CPU.ActiveCfg = Release|Any CPU
		{69012040-8709-47CC-B29E-8C783923011F}.Release|Any CPU.Build.0 = Release|Any CPU
		{A82CB642-4435-4FFC-9EB8-ACE4B1A104D2}.Debug|Any CPU.ActiveCfg = Debug|Any CPU
		{A82CB642-4435-4FFC-9EB8-ACE4B1A104D2}.Debug|Any CPU.Build.0 = Debug|Any CPU
		{A82CB642-4435-4FFC-9EB8-ACE4B1A104D2}.Release|Any CPU.ActiveCfg = Release|Any CPU
		{A82CB642-4435-4FFC-9EB8-ACE4B1A104D2}.Release|Any CPU.Build.0 = Release|Any CPU
	EndGlobalSection
	GlobalSection(SolutionProperties) = preSolution
		HideSolutionNode = FALSE
	EndGlobalSection
	GlobalSection(ExtensibilityGlobals) = postSolution
		SolutionGuid = {C8792453-2624-48EE-AF67-797D13B90BF7}
	EndGlobalSection
EndGlobal
